
Microsoft Visual Studio Solution File, Format Version 12.00
# Visual Studio Version 17
VisualStudioVersion = 17.6.33723.286
MinimumVisualStudioVersion = 10.0.40219.1
Project("{8BC9CEB8-8B4A-11D0-8D11-00A0C91BC942}") = "SprTools", "SprTools\SprTools.vcxproj", "{882090C8-15B0-41B2-BDD1-60BB06880A72}"
EndProject
Global
	GlobalSection(SolutionConfigurationPlatforms) = preSolution
		Debug|Win32 = Debug|Win32
		Release|Win32 = Release|Win32
	EndGlobalSection
	GlobalSection(ProjectConfigurationPlatforms) = postSolution
		{882090C8-15B0-41B2-BDD1-60BB06880A72}.Debug|Win32.ActiveCfg = Debug|Win32
		{882090C8-15B0-41B2-BDD1-60BB06880A72}.Debug|Win32.Build.0 = Debug|Win32
		{882090C8-15B0-41B2-BDD1-60BB06880A72}.Release|Win32.ActiveCfg = Release|Win32
		{882090C8-15B0-41B2-BDD1-60BB06880A72}.Release|Win32.Build.0 = Release|Win32
	EndGlobalSection
	GlobalSection(SolutionProperties) = preSolution
		HideSolutionNode = FALSE
	EndGlobalSection
	GlobalSection(ExtensibilityGlobals) = postSolution
		SolutionGuid = {E33F2E6B-D16F-497C-B6C6-1E9CCC4F1EF8}
	EndGlobalSection
EndGlobal
